
Microsoft Visual Studio Solution File, Format Version 12.00
# Visual Studio Version 16
VisualStudioVersion = 16.0.29326.143
MinimumVisualStudioVersion = 10.0.40219.1
Project("{9A19103F-16F7-4668-BE54-9A1E7A4F7556}") = "Dapper.MoqTests", "Dapper.MoqTests\Dapper.MoqTests.csproj", "{E6AEC168-AC4F-4215-ABFE-0953005B7CF6}"
EndProject
Project("{9A19103F-16F7-4668-BE54-9A1E7A4F7556}") = "Dapper.MoqTests.Samples", "Dapper.MoqTests.Samples\Dapper.MoqTests.Samples.csproj", "{49A33881-26B4-4640-AF80-2F1A978A6753}"
EndProject
Global
	GlobalSection(SolutionConfigurationPlatforms) = preSolution
		Debug|Any CPU = Debug|Any CPU
		Release|Any CPU = Release|Any CPU
	EndGlobalSection
	GlobalSection(ProjectConfigurationPlatforms) = postSolution
		{E6AEC168-AC4F-4215-ABFE-0953005B7CF6}.Debug|Any CPU.ActiveCfg = Debug|Any CPU
		{E6AEC168-AC4F-4215-ABFE-0953005B7CF6}.Debug|Any CPU.Build.0 = Debug|Any CPU
		{E6AEC168-AC4F-4215-ABFE-0953005B7CF6}.Release|Any CPU.ActiveCfg = Release|Any CPU
		{E6AEC168-AC4F-4215-ABFE-0953005B7CF6}.Release|Any CPU.Build.0 = Release|Any CPU
		{49A33881-26B4-4640-AF80-2F1A978A6753}.Debug|Any CPU.ActiveCfg = Debug|Any CPU
		{49A33881-26B4-4640-AF80-2F1A978A6753}.Debug|Any CPU.Build.0 = Debug|Any CPU
		{49A33881-26B4-4640-AF80-2F1A978A6753}.Release|Any CPU.ActiveCfg = Release|Any CPU
		{49A33881-26B4-4640-AF80-2F1A978A6753}.Release|Any CPU.Build.0 = Release|Any CPU
	EndGlobalSection
	GlobalSection(SolutionProperties) = preSolution
		HideSolutionNode = FALSE
	EndGlobalSection
	GlobalSection(ExtensibilityGlobals) = postSolution
		SolutionGuid = {CB28A3FE-D761-484F-B027-516D1C086873}
	EndGlobalSection
EndGlobal
